// !$*UTF8*$!
{
	archiveVersion = 1;
	classes = {
	};
	objectVersion = 46;
	objects = {

/* Begin PBXBuildFile section */
		2862FACFC8BB3C9FC8B0B188 /* Pods_Ideation360.framework in Frameworks */ = {isa = PBXBuildFile; fileRef = C941AEE336500A8DF7105179 /* Pods_Ideation360.framework */; };
		660657E61DF81EC500A1726A /* AppDelegate.swift in Sources */ = {isa = PBXBuildFile; fileRef = 660657E51DF81EC500A1726A /* AppDelegate.swift */; };
		660657E81DF81EC500A1726A /* LoginVC.swift in Sources */ = {isa = PBXBuildFile; fileRef = 660657E71DF81EC500A1726A /* LoginVC.swift */; };
		660657EB1DF81EC500A1726A /* Main.storyboard in Resources */ = {isa = PBXBuildFile; fileRef = 660657E91DF81EC500A1726A /* Main.storyboard */; };
		660657EE1DF81EC500A1726A /* Ideation360.xcdatamodeld in Sources */ = {isa = PBXBuildFile; fileRef = 660657EC1DF81EC500A1726A /* Ideation360.xcdatamodeld */; };
		660657F01DF81EC500A1726A /* Assets.xcassets in Resources */ = {isa = PBXBuildFile; fileRef = 660657EF1DF81EC500A1726A /* Assets.xcassets */; };
		660657F31DF81EC500A1726A /* LaunchScreen.storyboard in Resources */ = {isa = PBXBuildFile; fileRef = 660657F11DF81EC500A1726A /* LaunchScreen.storyboard */; };
		6620A7911E1CD8800010095A /* IdeatorCell.swift in Sources */ = {isa = PBXBuildFile; fileRef = 6620A7901E1CD8800010095A /* IdeatorCell.swift */; };
		66239A8A1E1241F5007761F2 /* cancel_register@2x.png in Resources */ = {isa = PBXBuildFile; fileRef = 66239A871E1241F5007761F2 /* cancel_register@2x.png */; };
		66239A8B1E1241F5007761F2 /* checkbox_blank@2x.png in Resources */ = {isa = PBXBuildFile; fileRef = 66239A881E1241F5007761F2 /* checkbox_blank@2x.png */; };
		66239A8C1E1241F5007761F2 /* checkbox_fill@2x.png in Resources */ = {isa = PBXBuildFile; fileRef = 66239A891E1241F5007761F2 /* checkbox_fill@2x.png */; };
		66239A8E1E124A0B007761F2 /* Back_arrow@2x.png in Resources */ = {isa = PBXBuildFile; fileRef = 66239A8D1E124A0B007761F2 /* Back_arrow@2x.png */; };
		66239A941E1250C6007761F2 /* Add icn@2x.png in Resources */ = {isa = PBXBuildFile; fileRef = 66239A8F1E1250C6007761F2 /* Add icn@2x.png */; };
		66239A961E1250C6007761F2 /* prfl icn@2x.png in Resources */ = {isa = PBXBuildFile; fileRef = 66239A911E1250C6007761F2 /* prfl icn@2x.png */; };
		66239A981E1250C6007761F2 /* Srch icn@2x.png in Resources */ = {isa = PBXBuildFile; fileRef = 66239A931E1250C6007761F2 /* Srch icn@2x.png */; };
		66239A9E1E127536007761F2 /* attachment icn@2x.png in Resources */ = {isa = PBXBuildFile; fileRef = 66239A9B1E127536007761F2 /* attachment icn@2x.png */; };
		66239A9F1E127536007761F2 /* camera icn@2x.png in Resources */ = {isa = PBXBuildFile; fileRef = 66239A9C1E127536007761F2 /* camera icn@2x.png */; };
		66239AA01E127536007761F2 /* mike icn@2x.png in Resources */ = {isa = PBXBuildFile; fileRef = 66239A9D1E127536007761F2 /* mike icn@2x.png */; };
		66239AA21E12917C007761F2 /* ForgotVC.swift in Sources */ = {isa = PBXBuildFile; fileRef = 66239AA11E12917C007761F2 /* ForgotVC.swift */; };
		66239AA41E12932D007761F2 /* SettingsVC.swift in Sources */ = {isa = PBXBuildFile; fileRef = 66239AA31E12932D007761F2 /* SettingsVC.swift */; };
		66239AA61E12969E007761F2 /* ClientsVC.swift in Sources */ = {isa = PBXBuildFile; fileRef = 66239AA51E12969E007761F2 /* ClientsVC.swift */; };
		66239AA81E1297A1007761F2 /* _logo@2x.png in Resources */ = {isa = PBXBuildFile; fileRef = 66239AA71E1297A1007761F2 /* _logo@2x.png */; };
		66239AAA1E12A0F3007761F2 /* InviteFriendsVC.swift in Sources */ = {isa = PBXBuildFile; fileRef = 66239AA91E12A0F3007761F2 /* InviteFriendsVC.swift */; };
		66239AAC1E12A409007761F2 /* SearchVC.swift in Sources */ = {isa = PBXBuildFile; fileRef = 66239AAB1E12A409007761F2 /* SearchVC.swift */; };
		66239AAE1E12A580007761F2 /* MyProfileVC.swift in Sources */ = {isa = PBXBuildFile; fileRef = 66239AAD1E12A580007761F2 /* MyProfileVC.swift */; };
		662578B11E2637E600684607 /* bubble_text_dummy@2x.png in Resources */ = {isa = PBXBuildFile; fileRef = 662578B01E2637E600684607 /* bubble_text_dummy@2x.png */; };
		662578B71E263B5D00684607 /* home@2x.png in Resources */ = {isa = PBXBuildFile; fileRef = 662578B31E263B5D00684607 /* home@2x.png */; };
		662578B91E263B5D00684607 /* setting icn@2x.png in Resources */ = {isa = PBXBuildFile; fileRef = 662578B51E263B5D00684607 /* setting icn@2x.png */; };
		662578BC1E263D4900684607 /* cmmnt icn@2x.png in Resources */ = {isa = PBXBuildFile; fileRef = 662578BA1E263D4900684607 /* cmmnt icn@2x.png */; };
		662578BD1E263D4900684607 /* prsn icn@2x.png in Resources */ = {isa = PBXBuildFile; fileRef = 662578BB1E263D4900684607 /* prsn icn@2x.png */; };
		662578D41E264B4A00684607 /* Icon-App-20x20@1x.png in Resources */ = {isa = PBXBuildFile; fileRef = 662578BE1E264B4A00684607 /* Icon-App-20x20@1x.png */; };
		662578D51E264B4A00684607 /* Icon-App-20x20@2x.png in Resources */ = {isa = PBXBuildFile; fileRef = 662578BF1E264B4A00684607 /* Icon-App-20x20@2x.png */; };
		662578D61E264B4A00684607 /* Icon-App-20x20@3x.png in Resources */ = {isa = PBXBuildFile; fileRef = 662578C01E264B4A00684607 /* Icon-App-20x20@3x.png */; };
		662578D71E264B4A00684607 /* Icon-App-29x29@1x.png in Resources */ = {isa = PBXBuildFile; fileRef = 662578C11E264B4A00684607 /* Icon-App-29x29@1x.png */; };
		662578D81E264B4A00684607 /* Icon-App-29x29@2x.png in Resources */ = {isa = PBXBuildFile; fileRef = 662578C21E264B4A00684607 /* Icon-App-29x29@2x.png */; };
		662578D91E264B4A00684607 /* Icon-App-29x29@3x.png in Resources */ = {isa = PBXBuildFile; fileRef = 662578C31E264B4A00684607 /* Icon-App-29x29@3x.png */; };
		662578DA1E264B4A00684607 /* Icon-App-40x40@1x.png in Resources */ = {isa = PBXBuildFile; fileRef = 662578C41E264B4A00684607 /* Icon-App-40x40@1x.png */; };
		662578DB1E264B4A00684607 /* Icon-App-40x40@2x.png in Resources */ = {isa = PBXBuildFile; fileRef = 662578C51E264B4A00684607 /* Icon-App-40x40@2x.png */; };
		662578DC1E264B4A00684607 /* Icon-App-40x40@3x.png in Resources */ = {isa = PBXBuildFile; fileRef = 662578C61E264B4A00684607 /* Icon-App-40x40@3x.png */; };
		662578DD1E264B4A00684607 /* Icon-App-57x57@1x.png in Resources */ = {isa = PBXBuildFile; fileRef = 662578C71E264B4A00684607 /* Icon-App-57x57@1x.png */; };
		662578DE1E264B4A00684607 /* Icon-App-57x57@2x.png in Resources */ = {isa = PBXBuildFile; fileRef = 662578C81E264B4A00684607 /* Icon-App-57x57@2x.png */; };
		662578DF1E264B4A00684607 /* Icon-App-60x60@1x.png in Resources */ = {isa = PBXBuildFile; fileRef = 662578C91E264B4A00684607 /* Icon-App-60x60@1x.png */; };
		662578E01E264B4A00684607 /* Icon-App-60x60@2x.png in Resources */ = {isa = PBXBuildFile; fileRef = 662578CA1E264B4A00684607 /* Icon-App-60x60@2x.png */; };
		662578E11E264B4A00684607 /* Icon-App-60x60@3x.png in Resources */ = {isa = PBXBuildFile; fileRef = 662578CB1E264B4A00684607 /* Icon-App-60x60@3x.png */; };
		662578E21E264B4A00684607 /* Icon-App-72x72@1x.png in Resources */ = {isa = PBXBuildFile; fileRef = 662578CC1E264B4A00684607 /* Icon-App-72x72@1x.png */; };
		662578E31E264B4A00684607 /* Icon-App-72x72@2x.png in Resources */ = {isa = PBXBuildFile; fileRef = 662578CD1E264B4A00684607 /* Icon-App-72x72@2x.png */; };
		662578E41E264B4A00684607 /* Icon-App-76x76@1x.png in Resources */ = {isa = PBXBuildFile; fileRef = 662578CE1E264B4A00684607 /* Icon-App-76x76@1x.png */; };
		662578E51E264B4A00684607 /* Icon-App-76x76@2x.png in Resources */ = {isa = PBXBuildFile; fileRef = 662578CF1E264B4A00684607 /* Icon-App-76x76@2x.png */; };
		662578E61E264B4A00684607 /* Icon-App-76x76@3x.png in Resources */ = {isa = PBXBuildFile; fileRef = 662578D01E264B4A00684607 /* Icon-App-76x76@3x.png */; };
		662578E71E264B4A00684607 /* Icon-App-83.5x83.5@2x.png in Resources */ = {isa = PBXBuildFile; fileRef = 662578D11E264B4A00684607 /* Icon-App-83.5x83.5@2x.png */; };
		662578E81E264B4A00684607 /* Icon-Small-50x50@1x.png in Resources */ = {isa = PBXBuildFile; fileRef = 662578D21E264B4A00684607 /* Icon-Small-50x50@1x.png */; };
		662578E91E264B4A00684607 /* Icon-Small-50x50@2x.png in Resources */ = {isa = PBXBuildFile; fileRef = 662578D31E264B4A00684607 /* Icon-Small-50x50@2x.png */; };
		662578EB1E264C0400684607 /* img2@2x.png in Resources */ = {isa = PBXBuildFile; fileRef = 662578EA1E264C0400684607 /* img2@2x.png */; };
		66380A291E1F72A500B80595 /* Main_iPad.storyboard in Resources */ = {isa = PBXBuildFile; fileRef = 66380A281E1F72A500B80595 /* Main_iPad.storyboard */; };
		66380A461E1F78A100B80595 /* _logo_iPad.png in Resources */ = {isa = PBXBuildFile; fileRef = 66380A2A1E1F78A100B80595 /* _logo_iPad.png */; };
		66380A471E1F78A100B80595 /* Add icn_iPad.png in Resources */ = {isa = PBXBuildFile; fileRef = 66380A2B1E1F78A100B80595 /* Add icn_iPad.png */; };
		66380A481E1F78A100B80595 /* attachment icn_iPad.png in Resources */ = {isa = PBXBuildFile; fileRef = 66380A2C1E1F78A100B80595 /* attachment icn_iPad.png */; };
		66380A491E1F78A100B80595 /* Back_arrow_iPad.png in Resources */ = {isa = PBXBuildFile; fileRef = 66380A2D1E1F78A100B80595 /* Back_arrow_iPad.png */; };
		66380A4A1E1F78A100B80595 /* bubble_text_dummy_iPad.png in Resources */ = {isa = PBXBuildFile; fileRef = 66380A2E1E1F78A100B80595 /* bubble_text_dummy_iPad.png */; };
		66380A4B1E1F78A100B80595 /* camera icn_iPad.png in Resources */ = {isa = PBXBuildFile; fileRef = 66380A2F1E1F78A100B80595 /* camera icn_iPad.png */; };
		66380A4C1E1F78A100B80595 /* cancel_register_iPad.png in Resources */ = {isa = PBXBuildFile; fileRef = 66380A301E1F78A100B80595 /* cancel_register_iPad.png */; };
		66380A4D1E1F78A100B80595 /* checkbox_blank_iPad.png in Resources */ = {isa = PBXBuildFile; fileRef = 66380A311E1F78A100B80595 /* checkbox_blank_iPad.png */; };
		66380A4E1E1F78A100B80595 /* checkbox_fill_iPad.png in Resources */ = {isa = PBXBuildFile; fileRef = 66380A321E1F78A100B80595 /* checkbox_fill_iPad.png */; };
		66380A4F1E1F78A100B80595 /* company_txtfld_icon_iPad.png in Resources */ = {isa = PBXBuildFile; fileRef = 66380A331E1F78A100B80595 /* company_txtfld_icon_iPad.png */; };
		66380A501E1F78A100B80595 /* cross_iPad.png in Resources */ = {isa = PBXBuildFile; fileRef = 66380A341E1F78A100B80595 /* cross_iPad.png */; };
		66380A511E1F78A100B80595 /* dark-bg_iPad.png in Resources */ = {isa = PBXBuildFile; fileRef = 66380A351E1F78A100B80595 /* dark-bg_iPad.png */; };
		66380A521E1F78A100B80595 /* dropdwn_iPad.png in Resources */ = {isa = PBXBuildFile; fileRef = 66380A361E1F78A100B80595 /* dropdwn_iPad.png */; };
		66380A531E1F78A100B80595 /* drpdwn_white_iPad.png in Resources */ = {isa = PBXBuildFile; fileRef = 66380A371E1F78A100B80595 /* drpdwn_white_iPad.png */; };
		66380A541E1F78A100B80595 /* dwn_arrw_iPad.png in Resources */ = {isa = PBXBuildFile; fileRef = 66380A381E1F78A100B80595 /* dwn_arrw_iPad.png */; };
		66380A551E1F78A100B80595 /* edirt icn_iPad.png in Resources */ = {isa = PBXBuildFile; fileRef = 66380A391E1F78A100B80595 /* edirt icn_iPad.png */; };
		66380A561E1F78A100B80595 /* email_txtfld_icon_iPad.png in Resources */ = {isa = PBXBuildFile; fileRef = 66380A3A1E1F78A100B80595 /* email_txtfld_icon_iPad.png */; };
		66380A571E1F78A100B80595 /* home_iPad.png in Resources */ = {isa = PBXBuildFile; fileRef = 66380A3B1E1F78A100B80595 /* home_iPad.png */; };
		66380A581E1F78A100B80595 /* Img_iPad.png in Resources */ = {isa = PBXBuildFile; fileRef = 66380A3C1E1F78A100B80595 /* Img_iPad.png */; };
		66380A591E1F78A100B80595 /* logo_iPad.png in Resources */ = {isa = PBXBuildFile; fileRef = 66380A3D1E1F78A100B80595 /* logo_iPad.png */; };
		66380A5A1E1F78A100B80595 /* mike icn_iPad.png in Resources */ = {isa = PBXBuildFile; fileRef = 66380A3E1E1F78A100B80595 /* mike icn_iPad.png */; };
		66380A5B1E1F78A100B80595 /* pass_txtfld_icon_iPad.png in Resources */ = {isa = PBXBuildFile; fileRef = 66380A3F1E1F78A100B80595 /* pass_txtfld_icon_iPad.png */; };
		66380A5C1E1F78A100B80595 /* placeholder_image_iPad.png in Resources */ = {isa = PBXBuildFile; fileRef = 66380A401E1F78A100B80595 /* placeholder_image_iPad.png */; };
		66380A5D1E1F78A100B80595 /* prfl icn_iPad.png in Resources */ = {isa = PBXBuildFile; fileRef = 66380A411E1F78A100B80595 /* prfl icn_iPad.png */; };
		66380A5E1E1F78A100B80595 /* send_iPad.png in Resources */ = {isa = PBXBuildFile; fileRef = 66380A421E1F78A100B80595 /* send_iPad.png */; };
		66380A5F1E1F78A100B80595 /* setting icn_iPad.png in Resources */ = {isa = PBXBuildFile; fileRef = 66380A431E1F78A100B80595 /* setting icn_iPad.png */; };
		66380A601E1F78A100B80595 /* Srch icn_iPad.png in Resources */ = {isa = PBXBuildFile; fileRef = 66380A441E1F78A100B80595 /* Srch icn_iPad.png */; };
		66380A611E1F78A100B80595 /* user_txtfld_icon_iPad.png in Resources */ = {isa = PBXBuildFile; fileRef = 66380A451E1F78A100B80595 /* user_txtfld_icon_iPad.png */; };
		663A8F3D1E1396F400DFFB7B /* dwn_arrw@2x.png in Resources */ = {isa = PBXBuildFile; fileRef = 663A8F3C1E1396F400DFFB7B /* dwn_arrw@2x.png */; };
		663A8F3F1E13D32400DFFB7B /* edirt icn@2x.png in Resources */ = {isa = PBXBuildFile; fileRef = 663A8F3E1E13D32300DFFB7B /* edirt icn@2x.png */; };
		663A8F421E13F5DD00DFFB7B /* email_txtfld_icon@2x.png in Resources */ = {isa = PBXBuildFile; fileRef = 663A8F401E13F5DD00DFFB7B /* email_txtfld_icon@2x.png */; };
		663A8F431E13F5DD00DFFB7B /* pass_txtfld_icon@2x.png in Resources */ = {isa = PBXBuildFile; fileRef = 663A8F411E13F5DD00DFFB7B /* pass_txtfld_icon@2x.png */; };
		6662C6F31E1B71C6007797FE /* placeholder_image@2x.png in Resources */ = {isa = PBXBuildFile; fileRef = 6662C6F21E1B71C6007797FE /* placeholder_image@2x.png */; };
		666A4F181E01122400C0E672 /* RegisterVC.swift in Sources */ = {isa = PBXBuildFile; fileRef = 666A4F171E01122400C0E672 /* RegisterVC.swift */; };
		666A4F1A1E0112DB00C0E672 /* AccountVC.swift in Sources */ = {isa = PBXBuildFile; fileRef = 666A4F191E0112DB00C0E672 /* AccountVC.swift */; };
		666A4F1E1E01131700C0E672 /* MyIdeasVC.swift in Sources */ = {isa = PBXBuildFile; fileRef = 666A4F1D1E01131700C0E672 /* MyIdeasVC.swift */; };
		666A4F201E01133500C0E672 /* IdeaDetailsVC.swift in Sources */ = {isa = PBXBuildFile; fileRef = 666A4F1F1E01133500C0E672 /* IdeaDetailsVC.swift */; };
		666A4F221E0113B100C0E672 /* SavedIdeaVC.swift in Sources */ = {isa = PBXBuildFile; fileRef = 666A4F211E0113B100C0E672 /* SavedIdeaVC.swift */; };
		666A4F241E0113CD00C0E672 /* CampaignsVC.swift in Sources */ = {isa = PBXBuildFile; fileRef = 666A4F231E0113CD00C0E672 /* CampaignsVC.swift */; };
		666A4F261E0113DF00C0E672 /* CampaignTitleVC.swift in Sources */ = {isa = PBXBuildFile; fileRef = 666A4F251E0113DF00C0E672 /* CampaignTitleVC.swift */; };
		666A4F2C1E01143600C0E672 /* AboutVC.swift in Sources */ = {isa = PBXBuildFile; fileRef = 666A4F2B1E01143600C0E672 /* AboutVC.swift */; };
		666A4F321E01318100C0E672 /* AppContentFile.swift in Sources */ = {isa = PBXBuildFile; fileRef = 666A4F311E01318100C0E672 /* AppContentFile.swift */; };
		666A4F411E016EE000C0E672 /* PTPPlaceholderTextView.swift in Sources */ = {isa = PBXBuildFile; fileRef = 666A4F401E016EE000C0E672 /* PTPPlaceholderTextView.swift */; };
		666BB5CD1DF8304400A30304 /* BorderObjects.swift in Sources */ = {isa = PBXBuildFile; fileRef = 666BB5CC1DF8304400A30304 /* BorderObjects.swift */; };
		666BB5D81DF8320500A30304 /* user_txtfld_icon@2x.png in Resources */ = {isa = PBXBuildFile; fileRef = 666BB5D51DF8320500A30304 /* user_txtfld_icon@2x.png */; };
		666BB5DE1DF8321400A30304 /* company_txtfld_icon@2x.png in Resources */ = {isa = PBXBuildFile; fileRef = 666BB5DA1DF8321400A30304 /* company_txtfld_icon@2x.png */; };
		666BB5E21DF8326900A30304 /* logo@2x.png in Resources */ = {isa = PBXBuildFile; fileRef = 666BB5E11DF8326900A30304 /* logo@2x.png */; };
		667456BD1E2E005D00C83E8C /* NotificationsVC.swift in Sources */ = {isa = PBXBuildFile; fileRef = 667456BC1E2E005D00C83E8C /* NotificationsVC.swift */; };
		667456BF1E2E04A400C83E8C /* RatingVC.swift in Sources */ = {isa = PBXBuildFile; fileRef = 667456BE1E2E04A400C83E8C /* RatingVC.swift */; };
		667456C11E2E04CB00C83E8C /* CommentsVC.swift in Sources */ = {isa = PBXBuildFile; fileRef = 667456C01E2E04CB00C83E8C /* CommentsVC.swift */; };
		667456C31E2E09BB00C83E8C /* NotificationCell.swift in Sources */ = {isa = PBXBuildFile; fileRef = 667456C21E2E09BB00C83E8C /* NotificationCell.swift */; };
		667456C51E2E09D100C83E8C /* RatingCell.swift in Sources */ = {isa = PBXBuildFile; fileRef = 667456C41E2E09D100C83E8C /* RatingCell.swift */; };
		667456C71E2E09FA00C83E8C /* CommentVCCell.swift in Sources */ = {isa = PBXBuildFile; fileRef = 667456C61E2E09FA00C83E8C /* CommentVCCell.swift */; };
		667456C91E2E3A6D00C83E8C /* cross_wht@2x.png in Resources */ = {isa = PBXBuildFile; fileRef = 667456C81E2E3A6D00C83E8C /* cross_wht@2x.png */; };
		667456CC1E2E3A9200C83E8C /* crcl@2x.png in Resources */ = {isa = PBXBuildFile; fileRef = 667456CA1E2E3A9200C83E8C /* crcl@2x.png */; };
		667456CD1E2E3A9200C83E8C /* play-button@2x.png in Resources */ = {isa = PBXBuildFile; fileRef = 667456CB1E2E3A9200C83E8C /* play-button@2x.png */; };
		667456CF1E2E3BBF00C83E8C /* PlayVC.swift in Sources */ = {isa = PBXBuildFile; fileRef = 667456CE1E2E3BBF00C83E8C /* PlayVC.swift */; };
		667456D11E2E3C0B00C83E8C /* ImagePopupVC.swift in Sources */ = {isa = PBXBuildFile; fileRef = 667456D01E2E3C0B00C83E8C /* ImagePopupVC.swift */; };
		6678B6181E02A6130083CA58 /* dark-bg@2x.png in Resources */ = {isa = PBXBuildFile; fileRef = 6678B6171E02A6130083CA58 /* dark-bg@2x.png */; };
		6678B61A1E02ACBE0083CA58 /* cross@2x.png in Resources */ = {isa = PBXBuildFile; fileRef = 6678B6191E02ACBE0083CA58 /* cross@2x.png */; };
		6678B61D1E02B07C0083CA58 /* MenuCell.swift in Sources */ = {isa = PBXBuildFile; fileRef = 6678B61C1E02B07C0083CA58 /* MenuCell.swift */; };
		667AF9811E3642C600CEF228 /* MediaPlayer.framework in Frameworks */ = {isa = PBXBuildFile; fileRef = 667AF9801E3642C600CEF228 /* MediaPlayer.framework */; };
		667D10091DFFCB7B007DD312 /* dropdwn@2x.png in Resources */ = {isa = PBXBuildFile; fileRef = 667D10081DFFCB7B007DD312 /* dropdwn@2x.png */; };
		667D10131DFFD1DB007DD312 /* default_down.png in Resources */ = {isa = PBXBuildFile; fileRef = 667D10111DFFD1DB007DD312 /* default_down.png */; };
		667D10141DFFD1DB007DD312 /* ZHDropDownMenu.swift in Sources */ = {isa = PBXBuildFile; fileRef = 667D10121DFFD1DB007DD312 /* ZHDropDownMenu.swift */; };
		667D10161DFFD5A4007DD312 /* CreateIdeaVC.swift in Sources */ = {isa = PBXBuildFile; fileRef = 667D10151DFFD5A4007DD312 /* CreateIdeaVC.swift */; };
		667D101A1DFFE1CB007DD312 /* Default_iPad.png in Resources */ = {isa = PBXBuildFile; fileRef = 667D10171DFFE1CB007DD312 /* Default_iPad.png */; };
		667D101B1DFFE1CB007DD312 /* Default-568h@2x.png in Resources */ = {isa = PBXBuildFile; fileRef = 667D10181DFFE1CB007DD312 /* Default-568h@2x.png */; };
		667D101C1DFFE1CB007DD312 /* Default@2x.png in Resources */ = {isa = PBXBuildFile; fileRef = 667D10191DFFE1CB007DD312 /* Default@2x.png */; };
		667D101E1DFFE5FA007DD312 /* drpdwn_white@2x.png in Resources */ = {isa = PBXBuildFile; fileRef = 667D101D1DFFE5FA007DD312 /* drpdwn_white@2x.png */; };
		66AC317E1E1D121600403689 /* send@2x.png in Resources */ = {isa = PBXBuildFile; fileRef = 66AC317D1E1D121600403689 /* send@2x.png */; };
		66CA48981E2FA314005D646F /* Below_arrow@2x.png in Resources */ = {isa = PBXBuildFile; fileRef = 66CA48971E2FA314005D646F /* Below_arrow@2x.png */; };
		66CA489A1E2FA470005D646F /* WelcomeVC.swift in Sources */ = {isa = PBXBuildFile; fileRef = 66CA48991E2FA470005D646F /* WelcomeVC.swift */; };
		66E30F0B1E07CB5D00D89917 /* ClientsCell.swift in Sources */ = {isa = PBXBuildFile; fileRef = 66E30F0A1E07CB5D00D89917 /* ClientsCell.swift */; };
		66E30F0D1E07FCFA00D89917 /* CampaignsCell.swift in Sources */ = {isa = PBXBuildFile; fileRef = 66E30F0C1E07FCFA00D89917 /* CampaignsCell.swift */; };
		66E30F111E0814DD00D89917 /* IdeasCell.swift in Sources */ = {isa = PBXBuildFile; fileRef = 66E30F101E0814DD00D89917 /* IdeasCell.swift */; };
		66E774671E3726440019128C /* YMCAudioPlayer.m in Sources */ = {isa = PBXBuildFile; fileRef = 66E774661E3726440019128C /* YMCAudioPlayer.m */; };
		66E7AF921E0917D90013C53A /* CommentCell.swift in Sources */ = {isa = PBXBuildFile; fileRef = 66E7AF911E0917D90013C53A /* CommentCell.swift */; };
		66EAD25A1E2762F60029D74F /* AVFoundation.framework in Frameworks */ = {isa = PBXBuildFile; fileRef = 66EAD2591E2762F60029D74F /* AVFoundation.framework */; };
/* End PBXBuildFile section */

/* Begin PBXFileReference section */
		163D7F281620B3AA2B9CA756 /* Pods-Ideation360.debug.xcconfig */ = {isa = PBXFileReference; includeInIndex = 1; lastKnownFileType = text.xcconfig; name = "Pods-Ideation360.debug.xcconfig"; path = "Pods/Target Support Files/Pods-Ideation360/Pods-Ideation360.debug.xcconfig"; sourceTree = "<group>"; };
		5781AE47B283CCFB4785F733 /* Pods-Ideation360.release.xcconfig */ = {isa = PBXFileReference; includeInIndex = 1; lastKnownFileType = text.xcconfig; name = "Pods-Ideation360.release.xcconfig"; path = "Pods/Target Support Files/Pods-Ideation360/Pods-Ideation360.release.xcconfig"; sourceTree = "<group>"; };
		660657E21DF81EC500A1726A /* Ideation360.app */ = {isa = PBXFileReference; explicitFileType = wrapper.application; includeInIndex = 0; path = Ideation360.app; sourceTree = BUILT_PRODUCTS_DIR; };
		660657E51DF81EC500A1726A /* AppDelegate.swift */ = {isa = PBXFileReference; lastKnownFileType = sourcecode.swift; path = AppDelegate.swift; sourceTree = "<group>"; };
		660657E71DF81EC500A1726A /* LoginVC.swift */ = {isa = PBXFileReference; lastKnownFileType = sourcecode.swift; path = LoginVC.swift; sourceTree = "<group>"; };
		660657EA1DF81EC500A1726A /* Base */ = {isa = PBXFileReference; lastKnownFileType = file.storyboard; name = Base; path = Base.lproj/Main.storyboard; sourceTree = "<group>"; };
		660657ED1DF81EC500A1726A /* Ideation360.xcdatamodel */ = {isa = PBXFileReference; lastKnownFileType = wrapper.xcdatamodel; path = Ideation360.xcdatamodel; sourceTree = "<group>"; };
		660657EF1DF81EC500A1726A /* Assets.xcassets */ = {isa = PBXFileReference; lastKnownFileType = folder.assetcatalog; path = Assets.xcassets; sourceTree = "<group>"; };
		660657F21DF81EC500A1726A /* Base */ = {isa = PBXFileReference; lastKnownFileType = file.storyboard; name = Base; path = Base.lproj/LaunchScreen.storyboard; sourceTree = "<group>"; };
		660657F41DF81EC500A1726A /* Info.plist */ = {isa = PBXFileReference; lastKnownFileType = text.plist.xml; path = Info.plist; sourceTree = "<group>"; };
		6620A7901E1CD8800010095A /* IdeatorCell.swift */ = {isa = PBXFileReference; fileEncoding = 4; lastKnownFileType = sourcecode.swift; path = IdeatorCell.swift; sourceTree = "<group>"; };
		66239A871E1241F5007761F2 /* cancel_register@2x.png */ = {isa = PBXFileReference; lastKnownFileType = image.png; path = "cancel_register@2x.png"; sourceTree = "<group>"; };
		66239A881E1241F5007761F2 /* checkbox_blank@2x.png */ = {isa = PBXFileReference; lastKnownFileType = image.png; path = "checkbox_blank@2x.png"; sourceTree = "<group>"; };
		66239A891E1241F5007761F2 /* checkbox_fill@2x.png */ = {isa = PBXFileReference; lastKnownFileType = image.png; path = "checkbox_fill@2x.png"; sourceTree = "<group>"; };
		66239A8D1E124A0B007761F2 /* Back_arrow@2x.png */ = {isa = PBXFileReference; lastKnownFileType = image.png; path = "Back_arrow@2x.png"; sourceTree = "<group>"; };
		66239A8F1E1250C6007761F2 /* Add icn@2x.png */ = {isa = PBXFileReference; lastKnownFileType = image.png; path = "Add icn@2x.png"; sourceTree = "<group>"; };
		66239A911E1250C6007761F2 /* prfl icn@2x.png */ = {isa = PBXFileReference; lastKnownFileType = image.png; path = "prfl icn@2x.png"; sourceTree = "<group>"; };
		66239A931E1250C6007761F2 /* Srch icn@2x.png */ = {isa = PBXFileReference; lastKnownFileType = image.png; path = "Srch icn@2x.png"; sourceTree = "<group>"; };
		66239A9B1E127536007761F2 /* attachment icn@2x.png */ = {isa = PBXFileReference; lastKnownFileType = image.png; path = "attachment icn@2x.png"; sourceTree = "<group>"; };
		66239A9C1E127536007761F2 /* camera icn@2x.png */ = {isa = PBXFileReference; lastKnownFileType = image.png; path = "camera icn@2x.png"; sourceTree = "<group>"; };
		66239A9D1E127536007761F2 /* mike icn@2x.png */ = {isa = PBXFileReference; lastKnownFileType = image.png; path = "mike icn@2x.png"; sourceTree = "<group>"; };
		66239AA11E12917C007761F2 /* ForgotVC.swift */ = {isa = PBXFileReference; fileEncoding = 4; lastKnownFileType = sourcecode.swift; path = ForgotVC.swift; sourceTree = "<group>"; };
		66239AA31E12932D007761F2 /* SettingsVC.swift */ = {isa = PBXFileReference; fileEncoding = 4; lastKnownFileType = sourcecode.swift; path = SettingsVC.swift; sourceTree = "<group>"; };
		66239AA51E12969E007761F2 /* ClientsVC.swift */ = {isa = PBXFileReference; fileEncoding = 4; lastKnownFileType = sourcecode.swift; path = ClientsVC.swift; sourceTree = "<group>"; };
		66239AA71E1297A1007761F2 /* _logo@2x.png */ = {isa = PBXFileReference; lastKnownFileType = image.png; path = "_logo@2x.png"; sourceTree = "<group>"; };
		66239AA91E12A0F3007761F2 /* InviteFriendsVC.swift */ = {isa = PBXFileReference; fileEncoding = 4; lastKnownFileType = sourcecode.swift; path = InviteFriendsVC.swift; sourceTree = "<group>"; };
		66239AAB1E12A409007761F2 /* SearchVC.swift */ = {isa = PBXFileReference; fileEncoding = 4; lastKnownFileType = sourcecode.swift; path = SearchVC.swift; sourceTree = "<group>"; };
		66239AAD1E12A580007761F2 /* MyProfileVC.swift */ = {isa = PBXFileReference; fileEncoding = 4; lastKnownFileType = sourcecode.swift; path = MyProfileVC.swift; sourceTree = "<group>"; };
		662578B01E2637E600684607 /* bubble_text_dummy@2x.png */ = {isa = PBXFileReference; lastKnownFileType = image.png; path = "bubble_text_dummy@2x.png"; sourceTree = "<group>"; };
		662578B31E263B5D00684607 /* home@2x.png */ = {isa = PBXFileReference; lastKnownFileType = image.png; path = "home@2x.png"; sourceTree = "<group>"; };
		662578B51E263B5D00684607 /* setting icn@2x.png */ = {isa = PBXFileReference; lastKnownFileType = image.png; path = "setting icn@2x.png"; sourceTree = "<group>"; };
		662578BA1E263D4900684607 /* cmmnt icn@2x.png */ = {isa = PBXFileReference; lastKnownFileType = image.png; path = "cmmnt icn@2x.png"; sourceTree = "<group>"; };
		662578BB1E263D4900684607 /* prsn icn@2x.png */ = {isa = PBXFileReference; lastKnownFileType = image.png; path = "prsn icn@2x.png"; sourceTree = "<group>"; };
		662578BE1E264B4A00684607 /* Icon-App-20x20@1x.png */ = {isa = PBXFileReference; lastKnownFileType = image.png; path = "Icon-App-20x20@1x.png"; sourceTree = "<group>"; };
		662578BF1E264B4A00684607 /* Icon-App-20x20@2x.png */ = {isa = PBXFileReference; lastKnownFileType = image.png; path = "Icon-App-20x20@2x.png"; sourceTree = "<group>"; };
		662578C01E264B4A00684607 /* Icon-App-20x20@3x.png */ = {isa = PBXFileReference; lastKnownFileType = image.png; path = "Icon-App-20x20@3x.png"; sourceTree = "<group>"; };
		662578C11E264B4A00684607 /* Icon-App-29x29@1x.png */ = {isa = PBXFileReference; lastKnownFileType = image.png; path = "Icon-App-29x29@1x.png"; sourceTree = "<group>"; };
		662578C21E264B4A00684607 /* Icon-App-29x29@2x.png */ = {isa = PBXFileReference; lastKnownFileType = image.png; path = "Icon-App-29x29@2x.png"; sourceTree = "<group>"; };
		662578C31E264B4A00684607 /* Icon-App-29x29@3x.png */ = {isa = PBXFileReference; lastKnownFileType = image.png; path = "Icon-App-29x29@3x.png"; sourceTree = "<group>"; };
		662578C41E264B4A00684607 /* Icon-App-40x40@1x.png */ = {isa = PBXFileReference; lastKnownFileType = image.png; path = "Icon-App-40x40@1x.png"; sourceTree = "<group>"; };
		662578C51E264B4A00684607 /* Icon-App-40x40@2x.png */ = {isa = PBXFileReference; lastKnownFileType = image.png; path = "Icon-App-40x40@2x.png"; sourceTree = "<group>"; };
		662578C61E264B4A00684607 /* Icon-App-40x40@3x.png */ = {isa = PBXFileReference; lastKnownFileType = image.png; path = "Icon-App-40x40@3x.png"; sourceTree = "<group>"; };
		662578C71E264B4A00684607 /* Icon-App-57x57@1x.png */ = {isa = PBXFileReference; lastKnownFileType = image.png; path = "Icon-App-57x57@1x.png"; sourceTree = "<group>"; };
		662578C81E264B4A00684607 /* Icon-App-57x57@2x.png */ = {isa = PBXFileReference; lastKnownFileType = image.png; path = "Icon-App-57x57@2x.png"; sourceTree = "<group>"; };
		662578C91E264B4A00684607 /* Icon-App-60x60@1x.png */ = {isa = PBXFileReference; lastKnownFileType = image.png; path = "Icon-App-60x60@1x.png"; sourceTree = "<group>"; };
		662578CA1E264B4A00684607 /* Icon-App-60x60@2x.png */ = {isa = PBXFileReference; lastKnownFileType = image.png; path = "Icon-App-60x60@2x.png"; sourceTree = "<group>"; };
		662578CB1E264B4A00684607 /* Icon-App-60x60@3x.png */ = {isa = PBXFileReference; lastKnownFileType = image.png; path = "Icon-App-60x60@3x.png"; sourceTree = "<group>"; };
		662578CC1E264B4A00684607 /* Icon-App-72x72@1x.png */ = {isa = PBXFileReference; lastKnownFileType = image.png; path = "Icon-App-72x72@1x.png"; sourceTree = "<group>"; };
		662578CD1E264B4A00684607 /* Icon-App-72x72@2x.png */ = {isa = PBXFileReference; lastKnownFileType = image.png; path = "Icon-App-72x72@2x.png"; sourceTree = "<group>"; };
		662578CE1E264B4A00684607 /* Icon-App-76x76@1x.png */ = {isa = PBXFileReference; lastKnownFileType = image.png; path = "Icon-App-76x76@1x.png"; sourceTree = "<group>"; };
		662578CF1E264B4A00684607 /* Icon-App-76x76@2x.png */ = {isa = PBXFileReference; lastKnownFileType = image.png; path = "Icon-App-76x76@2x.png"; sourceTree = "<group>"; };
		662578D01E264B4A00684607 /* Icon-App-76x76@3x.png */ = {isa = PBXFileReference; lastKnownFileType = image.png; path = "Icon-App-76x76@3x.png"; sourceTree = "<group>"; };
		662578D11E264B4A00684607 /* Icon-App-83.5x83.5@2x.png */ = {isa = PBXFileReference; lastKnownFileType = image.png; path = "Icon-App-83.5x83.5@2x.png"; sourceTree = "<group>"; };
		662578D21E264B4A00684607 /* Icon-Small-50x50@1x.png */ = {isa = PBXFileReference; lastKnownFileType = image.png; path = "Icon-Small-50x50@1x.png"; sourceTree = "<group>"; };
		662578D31E264B4A00684607 /* Icon-Small-50x50@2x.png */ = {isa = PBXFileReference; lastKnownFileType = image.png; path = "Icon-Small-50x50@2x.png"; sourceTree = "<group>"; };
		662578EA1E264C0400684607 /* img2@2x.png */ = {isa = PBXFileReference; lastKnownFileType = image.png; path = "img2@2x.png"; sourceTree = "<group>"; };
		66380A281E1F72A500B80595 /* Main_iPad.storyboard */ = {isa = PBXFileReference; fileEncoding = 4; lastKnownFileType = file.storyboard; path = Main_iPad.storyboard; sourceTree = "<group>"; };
		66380A2A1E1F78A100B80595 /* _logo_iPad.png */ = {isa = PBXFileReference; lastKnownFileType = image.png; path = _logo_iPad.png; sourceTree = "<group>"; };
		66380A2B1E1F78A100B80595 /* Add icn_iPad.png */ = {isa = PBXFileReference; lastKnownFileType = image.png; path = "Add icn_iPad.png"; sourceTree = "<group>"; };
		66380A2C1E1F78A100B80595 /* attachment icn_iPad.png */ = {isa = PBXFileReference; lastKnownFileType = image.png; path = "attachment icn_iPad.png"; sourceTree = "<group>"; };
		66380A2D1E1F78A100B80595 /* Back_arrow_iPad.png */ = {isa = PBXFileReference; lastKnownFileType = image.png; path = Back_arrow_iPad.png; sourceTree = "<group>"; };
		66380A2E1E1F78A100B80595 /* bubble_text_dummy_iPad.png */ = {isa = PBXFileReference; lastKnownFileType = image.png; path = bubble_text_dummy_iPad.png; sourceTree = "<group>"; };
		66380A2F1E1F78A100B80595 /* camera icn_iPad.png */ = {isa = PBXFileReference; lastKnownFileType = image.png; path = "camera icn_iPad.png"; sourceTree = "<group>"; };
		66380A301E1F78A100B80595 /* cancel_register_iPad.png */ = {isa = PBXFileReference; lastKnownFileType = image.png; path = cancel_register_iPad.png; sourceTree = "<group>"; };
		66380A311E1F78A100B80595 /* checkbox_blank_iPad.png */ = {isa = PBXFileReference; lastKnownFileType = image.png; path = checkbox_blank_iPad.png; sourceTree = "<group>"; };
		66380A321E1F78A100B80595 /* checkbox_fill_iPad.png */ = {isa = PBXFileReference; lastKnownFileType = image.png; path = checkbox_fill_iPad.png; sourceTree = "<group>"; };
		66380A331E1F78A100B80595 /* company_txtfld_icon_iPad.png */ = {isa = PBXFileReference; lastKnownFileType = image.png; path = company_txtfld_icon_iPad.png; sourceTree = "<group>"; };
		66380A341E1F78A100B80595 /* cross_iPad.png */ = {isa = PBXFileReference; lastKnownFileType = image.png; path = cross_iPad.png; sourceTree = "<group>"; };
		66380A351E1F78A100B80595 /* dark-bg_iPad.png */ = {isa = PBXFileReference; lastKnownFileType = image.png; path = "dark-bg_iPad.png"; sourceTree = "<group>"; };
		66380A361E1F78A100B80595 /* dropdwn_iPad.png */ = {isa = PBXFileReference; lastKnownFileType = image.png; path = dropdwn_iPad.png; sourceTree = "<group>"; };
		66380A371E1F78A100B80595 /* drpdwn_white_iPad.png */ = {isa = PBXFileReference; lastKnownFileType = image.png; path = drpdwn_white_iPad.png; sourceTree = "<group>"; };
		66380A381E1F78A100B80595 /* dwn_arrw_iPad.png */ = {isa = PBXFileReference; lastKnownFileType = image.png; path = dwn_arrw_iPad.png; sourceTree = "<group>"; };
		66380A391E1F78A100B80595 /* edirt icn_iPad.png */ = {isa = PBXFileReference; lastKnownFileType = image.png; path = "edirt icn_iPad.png"; sourceTree = "<group>"; };
		66380A3A1E1F78A100B80595 /* email_txtfld_icon_iPad.png */ = {isa = PBXFileReference; lastKnownFileType = image.png; path = email_txtfld_icon_iPad.png; sourceTree = "<group>"; };
		66380A3B1E1F78A100B80595 /* home_iPad.png */ = {isa = PBXFileReference; lastKnownFileType = image.png; path = home_iPad.png; sourceTree = "<group>"; };
		66380A3C1E1F78A100B80595 /* Img_iPad.png */ = {isa = PBXFileReference; lastKnownFileType = image.png; path = Img_iPad.png; sourceTree = "<group>"; };
		66380A3D1E1F78A100B80595 /* logo_iPad.png */ = {isa = PBXFileReference; lastKnownFileType = image.png; path = logo_iPad.png; sourceTree = "<group>"; };
		66380A3E1E1F78A100B80595 /* mike icn_iPad.png */ = {isa = PBXFileReference; lastKnownFileType = image.png; path = "mike icn_iPad.png"; sourceTree = "<group>"; };
		66380A3F1E1F78A100B80595 /* pass_txtfld_icon_iPad.png */ = {isa = PBXFileReference; lastKnownFileType = image.png; path = pass_txtfld_icon_iPad.png; sourceTree = "<group>"; };
		66380A401E1F78A100B80595 /* placeholder_image_iPad.png */ = {isa = PBXFileReference; lastKnownFileType = image.png; path = placeholder_image_iPad.png; sourceTree = "<group>"; };
		66380A411E1F78A100B80595 /* prfl icn_iPad.png */ = {isa = PBXFileReference; lastKnownFileType = image.png; path = "prfl icn_iPad.png"; sourceTree = "<group>"; };
		66380A421E1F78A100B80595 /* send_iPad.png */ = {isa = PBXFileReference; lastKnownFileType = image.png; path = send_iPad.png; sourceTree = "<group>"; };
		66380A431E1F78A100B80595 /* setting icn_iPad.png */ = {isa = PBXFileReference; lastKnownFileType = image.png; path = "setting icn_iPad.png"; sourceTree = "<group>"; };
		66380A441E1F78A100B80595 /* Srch icn_iPad.png */ = {isa = PBXFileReference; lastKnownFileType = image.png; path = "Srch icn_iPad.png"; sourceTree = "<group>"; };
		66380A451E1F78A100B80595 /* user_txtfld_icon_iPad.png */ = {isa = PBXFileReference; lastKnownFileType = image.png; path = user_txtfld_icon_iPad.png; sourceTree = "<group>"; };
		663A8F3C1E1396F400DFFB7B /* dwn_arrw@2x.png */ = {isa = PBXFileReference; lastKnownFileType = image.png; path = "dwn_arrw@2x.png"; sourceTree = "<group>"; };
		663A8F3E1E13D32300DFFB7B /* edirt icn@2x.png */ = {isa = PBXFileReference; lastKnownFileType = image.png; path = "edirt icn@2x.png"; sourceTree = "<group>"; };
		663A8F401E13F5DD00DFFB7B /* email_txtfld_icon@2x.png */ = {isa = PBXFileReference; lastKnownFileType = image.png; path = "email_txtfld_icon@2x.png"; sourceTree = "<group>"; };
		663A8F411E13F5DD00DFFB7B /* pass_txtfld_icon@2x.png */ = {isa = PBXFileReference; lastKnownFileType = image.png; path = "pass_txtfld_icon@2x.png"; sourceTree = "<group>"; };
		6662C6F21E1B71C6007797FE /* placeholder_image@2x.png */ = {isa = PBXFileReference; lastKnownFileType = image.png; path = "placeholder_image@2x.png"; sourceTree = "<group>"; };
		666A4F171E01122400C0E672 /* RegisterVC.swift */ = {isa = PBXFileReference; fileEncoding = 4; lastKnownFileType = sourcecode.swift; path = RegisterVC.swift; sourceTree = "<group>"; };
		666A4F191E0112DB00C0E672 /* AccountVC.swift */ = {isa = PBXFileReference; fileEncoding = 4; lastKnownFileType = sourcecode.swift; path = AccountVC.swift; sourceTree = "<group>"; };
		666A4F1D1E01131700C0E672 /* MyIdeasVC.swift */ = {isa = PBXFileReference; fileEncoding = 4; lastKnownFileType = sourcecode.swift; path = MyIdeasVC.swift; sourceTree = "<group>"; };
		666A4F1F1E01133500C0E672 /* IdeaDetailsVC.swift */ = {isa = PBXFileReference; fileEncoding = 4; lastKnownFileType = sourcecode.swift; path = IdeaDetailsVC.swift; sourceTree = "<group>"; };
		666A4F211E0113B100C0E672 /* SavedIdeaVC.swift */ = {isa = PBXFileReference; fileEncoding = 4; lastKnownFileType = sourcecode.swift; path = SavedIdeaVC.swift; sourceTree = "<group>"; };
		666A4F231E0113CD00C0E672 /* CampaignsVC.swift */ = {isa = PBXFileReference; fileEncoding = 4; lastKnownFileType = sourcecode.swift; path = CampaignsVC.swift; sourceTree = "<group>"; };
		666A4F251E0113DF00C0E672 /* CampaignTitleVC.swift */ = {isa = PBXFileReference; fileEncoding = 4; lastKnownFileType = sourcecode.swift; path = CampaignTitleVC.swift; sourceTree = "<group>"; };
		666A4F2B1E01143600C0E672 /* AboutVC.swift */ = {isa = PBXFileReference; fileEncoding = 4; lastKnownFileType = sourcecode.swift; path = AboutVC.swift; sourceTree = "<group>"; };
		666A4F311E01318100C0E672 /* AppContentFile.swift */ = {isa = PBXFileReference; fileEncoding = 4; lastKnownFileType = sourcecode.swift; path = AppContentFile.swift; sourceTree = "<group>"; };
		666A4F401E016EE000C0E672 /* PTPPlaceholderTextView.swift */ = {isa = PBXFileReference; fileEncoding = 4; lastKnownFileType = sourcecode.swift; path = PTPPlaceholderTextView.swift; sourceTree = "<group>"; };
		666BB5CC1DF8304400A30304 /* BorderObjects.swift */ = {isa = PBXFileReference; fileEncoding = 4; lastKnownFileType = sourcecode.swift; path = BorderObjects.swift; sourceTree = "<group>"; };
		666BB5D51DF8320500A30304 /* user_txtfld_icon@2x.png */ = {isa = PBXFileReference; lastKnownFileType = image.png; path = "user_txtfld_icon@2x.png"; sourceTree = "<group>"; };
		666BB5DA1DF8321400A30304 /* company_txtfld_icon@2x.png */ = {isa = PBXFileReference; lastKnownFileType = image.png; path = "company_txtfld_icon@2x.png"; sourceTree = "<group>"; };
		666BB5E11DF8326900A30304 /* logo@2x.png */ = {isa = PBXFileReference; lastKnownFileType = image.png; path = "logo@2x.png"; sourceTree = "<group>"; };
		667456BC1E2E005D00C83E8C /* NotificationsVC.swift */ = {isa = PBXFileReference; fileEncoding = 4; lastKnownFileType = sourcecode.swift; path = NotificationsVC.swift; sourceTree = "<group>"; };
		667456BE1E2E04A400C83E8C /* RatingVC.swift */ = {isa = PBXFileReference; fileEncoding = 4; lastKnownFileType = sourcecode.swift; path = RatingVC.swift; sourceTree = "<group>"; };
		667456C01E2E04CB00C83E8C /* CommentsVC.swift */ = {isa = PBXFileReference; fileEncoding = 4; lastKnownFileType = sourcecode.swift; path = CommentsVC.swift; sourceTree = "<group>"; };
		667456C21E2E09BB00C83E8C /* NotificationCell.swift */ = {isa = PBXFileReference; fileEncoding = 4; lastKnownFileType = sourcecode.swift; path = NotificationCell.swift; sourceTree = "<group>"; };
		667456C41E2E09D100C83E8C /* RatingCell.swift */ = {isa = PBXFileReference; fileEncoding = 4; lastKnownFileType = sourcecode.swift; path = RatingCell.swift; sourceTree = "<group>"; };
		667456C61E2E09FA00C83E8C /* CommentVCCell.swift */ = {isa = PBXFileReference; fileEncoding = 4; lastKnownFileType = sourcecode.swift; path = CommentVCCell.swift; sourceTree = "<group>"; };
		667456C81E2E3A6D00C83E8C /* cross_wht@2x.png */ = {isa = PBXFileReference; lastKnownFileType = image.png; path = "cross_wht@2x.png"; sourceTree = "<group>"; };
		667456CA1E2E3A9200C83E8C /* crcl@2x.png */ = {isa = PBXFileReference; lastKnownFileType = image.png; path = "crcl@2x.png"; sourceTree = "<group>"; };
		667456CB1E2E3A9200C83E8C /* play-button@2x.png */ = {isa = PBXFileReference; lastKnownFileType = image.png; path = "play-button@2x.png"; sourceTree = "<group>"; };
		667456CE1E2E3BBF00C83E8C /* PlayVC.swift */ = {isa = PBXFileReference; fileEncoding = 4; lastKnownFileType = sourcecode.swift; path = PlayVC.swift; sourceTree = "<group>"; };
		667456D01E2E3C0B00C83E8C /* ImagePopupVC.swift */ = {isa = PBXFileReference; fileEncoding = 4; lastKnownFileType = sourcecode.swift; path = ImagePopupVC.swift; sourceTree = "<group>"; };
		667456D21E2E4F9500C83E8C /* AVKit.framework */ = {isa = PBXFileReference; lastKnownFileType = wrapper.framework; name = AVKit.framework; path = System/Library/Frameworks/AVKit.framework; sourceTree = SDKROOT; };
		6678B6171E02A6130083CA58 /* dark-bg@2x.png */ = {isa = PBXFileReference; lastKnownFileType = image.png; path = "dark-bg@2x.png"; sourceTree = "<group>"; };
		6678B6191E02ACBE0083CA58 /* cross@2x.png */ = {isa = PBXFileReference; lastKnownFileType = image.png; path = "cross@2x.png"; sourceTree = "<group>"; };
		6678B61C1E02B07C0083CA58 /* MenuCell.swift */ = {isa = PBXFileReference; fileEncoding = 4; lastKnownFileType = sourcecode.swift; path = MenuCell.swift; sourceTree = "<group>"; };
		667AF9801E3642C600CEF228 /* MediaPlayer.framework */ = {isa = PBXFileReference; lastKnownFileType = wrapper.framework; name = MediaPlayer.framework; path = System/Library/Frameworks/MediaPlayer.framework; sourceTree = SDKROOT; };
		667D10081DFFCB7B007DD312 /* dropdwn@2x.png */ = {isa = PBXFileReference; lastKnownFileType = image.png; path = "dropdwn@2x.png"; sourceTree = "<group>"; };
		667D10111DFFD1DB007DD312 /* default_down.png */ = {isa = PBXFileReference; lastKnownFileType = image.png; path = default_down.png; sourceTree = "<group>"; };
		667D10121DFFD1DB007DD312 /* ZHDropDownMenu.swift */ = {isa = PBXFileReference; fileEncoding = 4; lastKnownFileType = sourcecode.swift; path = ZHDropDownMenu.swift; sourceTree = "<group>"; };
		667D10151DFFD5A4007DD312 /* CreateIdeaVC.swift */ = {isa = PBXFileReference; fileEncoding = 4; lastKnownFileType = sourcecode.swift; path = CreateIdeaVC.swift; sourceTree = "<group>"; };
		667D10171DFFE1CB007DD312 /* Default_iPad.png */ = {isa = PBXFileReference; lastKnownFileType = image.png; path = Default_iPad.png; sourceTree = "<group>"; };
		667D10181DFFE1CB007DD312 /* Default-568h@2x.png */ = {isa = PBXFileReference; lastKnownFileType = image.png; path = "Default-568h@2x.png"; sourceTree = "<group>"; };
		667D10191DFFE1CB007DD312 /* Default@2x.png */ = {isa = PBXFileReference; lastKnownFileType = image.png; path = "Default@2x.png"; sourceTree = "<group>"; };
		667D101D1DFFE5FA007DD312 /* drpdwn_white@2x.png */ = {isa = PBXFileReference; lastKnownFileType = image.png; path = "drpdwn_white@2x.png"; sourceTree = "<group>"; };
		66AC317D1E1D121600403689 /* send@2x.png */ = {isa = PBXFileReference; lastKnownFileType = image.png; path = "send@2x.png"; sourceTree = "<group>"; };
		66CA48971E2FA314005D646F /* Below_arrow@2x.png */ = {isa = PBXFileReference; lastKnownFileType = image.png; path = "Below_arrow@2x.png"; sourceTree = "<group>"; };
		66CA48991E2FA470005D646F /* WelcomeVC.swift */ = {isa = PBXFileReference; fileEncoding = 4; lastKnownFileType = sourcecode.swift; path = WelcomeVC.swift; sourceTree = "<group>"; };
		66E30F0A1E07CB5D00D89917 /* ClientsCell.swift */ = {isa = PBXFileReference; fileEncoding = 4; lastKnownFileType = sourcecode.swift; path = ClientsCell.swift; sourceTree = "<group>"; };
		66E30F0C1E07FCFA00D89917 /* CampaignsCell.swift */ = {isa = PBXFileReference; fileEncoding = 4; lastKnownFileType = sourcecode.swift; path = CampaignsCell.swift; sourceTree = "<group>"; };
		66E30F101E0814DD00D89917 /* IdeasCell.swift */ = {isa = PBXFileReference; fileEncoding = 4; lastKnownFileType = sourcecode.swift; path = IdeasCell.swift; sourceTree = "<group>"; };
		66E774651E3726440019128C /* YMCAudioPlayer.h */ = {isa = PBXFileReference; fileEncoding = 4; lastKnownFileType = sourcecode.c.h; path = YMCAudioPlayer.h; sourceTree = "<group>"; };
		66E774661E3726440019128C /* YMCAudioPlayer.m */ = {isa = PBXFileReference; fileEncoding = 4; lastKnownFileType = sourcecode.c.objc; path = YMCAudioPlayer.m; sourceTree = "<group>"; };
		66E774681E3726CA0019128C /* Header.h */ = {isa = PBXFileReference; lastKnownFileType = sourcecode.c.h; path = Header.h; sourceTree = "<group>"; };
		66E7AF911E0917D90013C53A /* CommentCell.swift */ = {isa = PBXFileReference; fileEncoding = 4; lastKnownFileType = sourcecode.swift; path = CommentCell.swift; sourceTree = "<group>"; };
		66EAD2591E2762F60029D74F /* AVFoundation.framework */ = {isa = PBXFileReference; lastKnownFileType = wrapper.framework; name = AVFoundation.framework; path = System/Library/Frameworks/AVFoundation.framework; sourceTree = SDKROOT; };
		C941AEE336500A8DF7105179 /* Pods_Ideation360.framework */ = {isa = PBXFileReference; explicitFileType = wrapper.framework; includeInIndex = 0; path = Pods_Ideation360.framework; sourceTree = BUILT_PRODUCTS_DIR; };
/* End PBXFileReference section */

/* Begin PBXFrameworksBuildPhase section */
		660657DF1DF81EC300A1726A /* Frameworks */ = {
			isa = PBXFrameworksBuildPhase;
			buildActionMask = 2147483647;
			files = (
				667AF9811E3642C600CEF228 /* MediaPlayer.framework in Frameworks */,
				66EAD25A1E2762F60029D74F /* AVFoundation.framework in Frameworks */,
				2862FACFC8BB3C9FC8B0B188 /* Pods_Ideation360.framework in Frameworks */,
			);
			runOnlyForDeploymentPostprocessing = 0;
		};
/* End PBXFrameworksBuildPhase section */

/* Begin PBXGroup section */
		3C0723B294971E8FBCFC360A /* Frameworks */ = {
			isa = PBXGroup;
			children = (
				667AF9801E3642C600CEF228 /* MediaPlayer.framework */,
				667456D21E2E4F9500C83E8C /* AVKit.framework */,
				66EAD2591E2762F60029D74F /* AVFoundation.framework */,
				C941AEE336500A8DF7105179 /* Pods_Ideation360.framework */,
			);
			name = Frameworks;
			sourceTree = "<group>";
		};
		660657D91DF81EC300A1726A = {
			isa = PBXGroup;
			children = (
				660657E41DF81EC500A1726A /* Ideation360 */,
				6678B61B1E02B0560083CA58 /* Cell Classes */,
				667D100A1DFFD027007DD312 /* Third Party */,
				666BB5CE1DF831D200A30304 /* Resources */,
				660657E31DF81EC500A1726A /* Products */,
				8D91595DA3F9737C261AD785 /* Pods */,
				3C0723B294971E8FBCFC360A /* Frameworks */,
			);
			sourceTree = "<group>";
		};
		660657E31DF81EC500A1726A /* Products */ = {
			isa = PBXGroup;
			children = (
				660657E21DF81EC500A1726A /* Ideation360.app */,
			);
			name = Products;
			sourceTree = "<group>";
		};
		660657E41DF81EC500A1726A /* Ideation360 */ = {
			isa = PBXGroup;
			children = (
				666A4F311E01318100C0E672 /* AppContentFile.swift */,
				666BB5CC1DF8304400A30304 /* BorderObjects.swift */,
				660657E51DF81EC500A1726A /* AppDelegate.swift */,
				66CA48991E2FA470005D646F /* WelcomeVC.swift */,
				660657E71DF81EC500A1726A /* LoginVC.swift */,
				666A4F171E01122400C0E672 /* RegisterVC.swift */,
				66239AA11E12917C007761F2 /* ForgotVC.swift */,
				66239AA51E12969E007761F2 /* ClientsVC.swift */,
				66239AA31E12932D007761F2 /* SettingsVC.swift */,
				666A4F191E0112DB00C0E672 /* AccountVC.swift */,
				666A4F1D1E01131700C0E672 /* MyIdeasVC.swift */,
				666A4F1F1E01133500C0E672 /* IdeaDetailsVC.swift */,
				667456CE1E2E3BBF00C83E8C /* PlayVC.swift */,
				667D10151DFFD5A4007DD312 /* CreateIdeaVC.swift */,
				666A4F211E0113B100C0E672 /* SavedIdeaVC.swift */,
				66239AAB1E12A409007761F2 /* SearchVC.swift */,
				66239AAD1E12A580007761F2 /* MyProfileVC.swift */,
				666A4F231E0113CD00C0E672 /* CampaignsVC.swift */,
				666A4F251E0113DF00C0E672 /* CampaignTitleVC.swift */,
				66239AA91E12A0F3007761F2 /* InviteFriendsVC.swift */,
				667456BC1E2E005D00C83E8C /* NotificationsVC.swift */,
				667456BE1E2E04A400C83E8C /* RatingVC.swift */,
				667456C01E2E04CB00C83E8C /* CommentsVC.swift */,
				667456D01E2E3C0B00C83E8C /* ImagePopupVC.swift */,
				666A4F2B1E01143600C0E672 /* AboutVC.swift */,
				660657E91DF81EC500A1726A /* Main.storyboard */,
				66380A281E1F72A500B80595 /* Main_iPad.storyboard */,
				660657EF1DF81EC500A1726A /* Assets.xcassets */,
				660657F11DF81EC500A1726A /* LaunchScreen.storyboard */,
				660657F41DF81EC500A1726A /* Info.plist */,
				66E774681E3726CA0019128C /* Header.h */,
				660657EC1DF81EC500A1726A /* Ideation360.xcdatamodeld */,
			);
			path = Ideation360;
			sourceTree = "<group>";
		};
		666BB5CE1DF831D200A30304 /* Resources */ = {
			isa = PBXGroup;
			children = (
				666BB5CF1DF831D200A30304 /* App Icon */,
				666BB5D01DF831D200A30304 /* iPad icons */,
				666BB5D11DF831D200A30304 /* iPhone icons */,
				666BB5D21DF831D200A30304 /* Splash */,
			);
			path = Resources;
			sourceTree = "<group>";
		};
		666BB5CF1DF831D200A30304 /* App Icon */ = {
			isa = PBXGroup;
			children = (
				662578BE1E264B4A00684607 /* Icon-App-20x20@1x.png */,
				662578BF1E264B4A00684607 /* Icon-App-20x20@2x.png */,
				662578C01E264B4A00684607 /* Icon-App-20x20@3x.png */,
				662578C11E264B4A00684607 /* Icon-App-29x29@1x.png */,
				662578C21E264B4A00684607 /* Icon-App-29x29@2x.png */,
				662578C31E264B4A00684607 /* Icon-App-29x29@3x.png */,
				662578C41E264B4A00684607 /* Icon-App-40x40@1x.png */,
				662578C51E264B4A00684607 /* Icon-App-40x40@2x.png */,
				662578C61E264B4A00684607 /* Icon-App-40x40@3x.png */,
				662578C71E264B4A00684607 /* Icon-App-57x57@1x.png */,
				662578C81E264B4A00684607 /* Icon-App-57x57@2x.png */,
				662578C91E264B4A00684607 /* Icon-App-60x60@1x.png */,
				662578CA1E264B4A00684607 /* Icon-App-60x60@2x.png */,
				662578CB1E264B4A00684607 /* Icon-App-60x60@3x.png */,
				662578CC1E264B4A00684607 /* Icon-App-72x72@1x.png */,
				662578CD1E264B4A00684607 /* Icon-App-72x72@2x.png */,
				662578CE1E264B4A00684607 /* Icon-App-76x76@1x.png */,
				662578CF1E264B4A00684607 /* Icon-App-76x76@2x.png */,
				662578D01E264B4A00684607 /* Icon-App-76x76@3x.png */,
				662578D11E264B4A00684607 /* Icon-App-83.5x83.5@2x.png */,
				662578D21E264B4A00684607 /* Icon-Small-50x50@1x.png */,
				662578D31E264B4A00684607 /* Icon-Small-50x50@2x.png */,
			);
			path = "App Icon";
			sourceTree = "<group>";
		};
		666BB5D01DF831D200A30304 /* iPad icons */ = {
			isa = PBXGroup;
			children = (
				66380A2A1E1F78A100B80595 /* _logo_iPad.png */,
				66380A2B1E1F78A100B80595 /* Add icn_iPad.png */,
				66380A2C1E1F78A100B80595 /* attachment icn_iPad.png */,
				66380A2D1E1F78A100B80595 /* Back_arrow_iPad.png */,
				66380A2E1E1F78A100B80595 /* bubble_text_dummy_iPad.png */,
				66380A2F1E1F78A100B80595 /* camera icn_iPad.png */,
				66380A301E1F78A100B80595 /* cancel_register_iPad.png */,
				66380A311E1F78A100B80595 /* checkbox_blank_iPad.png */,
				66380A321E1F78A100B80595 /* checkbox_fill_iPad.png */,
				66380A331E1F78A100B80595 /* company_txtfld_icon_iPad.png */,
				66380A341E1F78A100B80595 /* cross_iPad.png */,
				66380A351E1F78A100B80595 /* dark-bg_iPad.png */,
				66380A361E1F78A100B80595 /* dropdwn_iPad.png */,
				66380A371E1F78A100B80595 /* drpdwn_white_iPad.png */,
				66380A381E1F78A100B80595 /* dwn_arrw_iPad.png */,
				66380A391E1F78A100B80595 /* edirt icn_iPad.png */,
				66380A3A1E1F78A100B80595 /* email_txtfld_icon_iPad.png */,
				66380A3B1E1F78A100B80595 /* home_iPad.png */,
				66380A3C1E1F78A100B80595 /* Img_iPad.png */,
				66380A3D1E1F78A100B80595 /* logo_iPad.png */,
				66380A3E1E1F78A100B80595 /* mike icn_iPad.png */,
				66380A3F1E1F78A100B80595 /* pass_txtfld_icon_iPad.png */,
				66380A401E1F78A100B80595 /* placeholder_image_iPad.png */,
				66380A411E1F78A100B80595 /* prfl icn_iPad.png */,
				66380A421E1F78A100B80595 /* send_iPad.png */,
				66380A431E1F78A100B80595 /* setting icn_iPad.png */,
				66380A441E1F78A100B80595 /* Srch icn_iPad.png */,
				66380A451E1F78A100B80595 /* user_txtfld_icon_iPad.png */,
			);
			path = "iPad icons";
			sourceTree = "<group>";
		};
		666BB5D11DF831D200A30304 /* iPhone icons */ = {
			isa = PBXGroup;
			children = (
				66CA48971E2FA314005D646F /* Below_arrow@2x.png */,
				667456CA1E2E3A9200C83E8C /* crcl@2x.png */,
				667456CB1E2E3A9200C83E8C /* play-button@2x.png */,
				667456C81E2E3A6D00C83E8C /* cross_wht@2x.png */,
				66AC317D1E1D121600403689 /* send@2x.png */,
				662578EA1E264C0400684607 /* img2@2x.png */,
				662578BA1E263D4900684607 /* cmmnt icn@2x.png */,
				662578BB1E263D4900684607 /* prsn icn@2x.png */,
				662578B31E263B5D00684607 /* home@2x.png */,
				662578B51E263B5D00684607 /* setting icn@2x.png */,
				6662C6F21E1B71C6007797FE /* placeholder_image@2x.png */,
				663A8F3E1E13D32300DFFB7B /* edirt icn@2x.png */,
				663A8F3C1E1396F400DFFB7B /* dwn_arrw@2x.png */,
				66239AA71E1297A1007761F2 /* _logo@2x.png */,
				66239A9B1E127536007761F2 /* attachment icn@2x.png */,
				66239A9C1E127536007761F2 /* camera icn@2x.png */,
				66239A9D1E127536007761F2 /* mike icn@2x.png */,
				66239A8F1E1250C6007761F2 /* Add icn@2x.png */,
				662578B01E2637E600684607 /* bubble_text_dummy@2x.png */,
				66239A911E1250C6007761F2 /* prfl icn@2x.png */,
				66239A931E1250C6007761F2 /* Srch icn@2x.png */,
				66239A8D1E124A0B007761F2 /* Back_arrow@2x.png */,
				6678B6191E02ACBE0083CA58 /* cross@2x.png */,
				6678B6171E02A6130083CA58 /* dark-bg@2x.png */,
				667D101D1DFFE5FA007DD312 /* drpdwn_white@2x.png */,
				667D10081DFFCB7B007DD312 /* dropdwn@2x.png */,
				666BB5E11DF8326900A30304 /* logo@2x.png */,
				666BB5D51DF8320500A30304 /* user_txtfld_icon@2x.png */,
				663A8F401E13F5DD00DFFB7B /* email_txtfld_icon@2x.png */,
				663A8F411E13F5DD00DFFB7B /* pass_txtfld_icon@2x.png */,
				666BB5DA1DF8321400A30304 /* company_txtfld_icon@2x.png */,
				66239A871E1241F5007761F2 /* cancel_register@2x.png */,
				66239A881E1241F5007761F2 /* checkbox_blank@2x.png */,
				66239A891E1241F5007761F2 /* checkbox_fill@2x.png */,
			);
			path = "iPhone icons";
			sourceTree = "<group>";
		};
		666BB5D21DF831D200A30304 /* Splash */ = {
			isa = PBXGroup;
			children = (
				667D10171DFFE1CB007DD312 /* Default_iPad.png */,
				667D10181DFFE1CB007DD312 /* Default-568h@2x.png */,
				667D10191DFFE1CB007DD312 /* Default@2x.png */,
			);
			path = Splash;
			sourceTree = "<group>";
		};
		6678B61B1E02B0560083CA58 /* Cell Classes */ = {
			isa = PBXGroup;
			children = (
				6678B61C1E02B07C0083CA58 /* MenuCell.swift */,
				66E30F0A1E07CB5D00D89917 /* ClientsCell.swift */,
				66E30F0C1E07FCFA00D89917 /* CampaignsCell.swift */,
				66E30F101E0814DD00D89917 /* IdeasCell.swift */,
				66E7AF911E0917D90013C53A /* CommentCell.swift */,
				6620A7901E1CD8800010095A /* IdeatorCell.swift */,
				667456C21E2E09BB00C83E8C /* NotificationCell.swift */,
				667456C41E2E09D100C83E8C /* RatingCell.swift */,
				667456C61E2E09FA00C83E8C /* CommentVCCell.swift */,
			);
			name = "Cell Classes";
			path = Ideation360;
			sourceTree = "<group>";
		};
		667D100A1DFFD027007DD312 /* Third Party */ = {
			isa = PBXGroup;
			children = (
				66E774641E3726440019128C /* YMCAudioPlayer */,
				666A4F401E016EE000C0E672 /* PTPPlaceholderTextView.swift */,
				667D10101DFFD1DB007DD312 /* ZHDropDownMenu */,
			);
			path = "Third Party";
			sourceTree = "<group>";
		};
		667D10101DFFD1DB007DD312 /* ZHDropDownMenu */ = {
			isa = PBXGroup;
			children = (
				667D10111DFFD1DB007DD312 /* default_down.png */,
				667D10121DFFD1DB007DD312 /* ZHDropDownMenu.swift */,
			);
			path = ZHDropDownMenu;
			sourceTree = "<group>";
		};
		66E774641E3726440019128C /* YMCAudioPlayer */ = {
			isa = PBXGroup;
			children = (
				66E774651E3726440019128C /* YMCAudioPlayer.h */,
				66E774661E3726440019128C /* YMCAudioPlayer.m */,
			);
			path = YMCAudioPlayer;
			sourceTree = "<group>";
		};
		8D91595DA3F9737C261AD785 /* Pods */ = {
			isa = PBXGroup;
			children = (
				163D7F281620B3AA2B9CA756 /* Pods-Ideation360.debug.xcconfig */,
				5781AE47B283CCFB4785F733 /* Pods-Ideation360.release.xcconfig */,
			);
			name = Pods;
			sourceTree = "<group>";
		};
/* End PBXGroup section */

/* Begin PBXNativeTarget section */
		660657E11DF81EC300A1726A /* Ideation360 */ = {
			isa = PBXNativeTarget;
			buildConfigurationList = 660657F71DF81EC500A1726A /* Build configuration list for PBXNativeTarget "Ideation360" */;
			buildPhases = (
				4FCE5D13025A833036C9787C /* [CP] Check Pods Manifest.lock */,
				660657DE1DF81EC300A1726A /* Sources */,
				660657DF1DF81EC300A1726A /* Frameworks */,
				660657E01DF81EC300A1726A /* Resources */,
				A0E14EE1F33D74B286174A3C /* [CP] Embed Pods Frameworks */,
				16D9689A8937C08A7ED02638 /* [CP] Copy Pods Resources */,
			);
			buildRules = (
			);
			dependencies = (
			);
			name = Ideation360;
			productName = Ideation360;
			productReference = 660657E21DF81EC500A1726A /* Ideation360.app */;
			productType = "com.apple.product-type.application";
		};
/* End PBXNativeTarget section */

/* Begin PBXProject section */
		660657DA1DF81EC300A1726A /* Project object */ = {
			isa = PBXProject;
			attributes = {
				LastSwiftUpdateCheck = 0800;
				LastUpgradeCheck = 0800;
				ORGANIZATIONNAME = "Gurpreet Singh";
				TargetAttributes = {
					660657E11DF81EC300A1726A = {
						CreatedOnToolsVersion = 8.0;
						DevelopmentTeam = T4LQ97BKVF;
						ProvisioningStyle = Manual;
					};
				};
			};
			buildConfigurationList = 660657DD1DF81EC300A1726A /* Build configuration list for PBXProject "Ideation360" */;
			compatibilityVersion = "Xcode 3.2";
			developmentRegion = English;
			hasScannedForEncodings = 0;
			knownRegions = (
				en,
				Base,
			);
			mainGroup = 660657D91DF81EC300A1726A;
			productRefGroup = 660657E31DF81EC500A1726A /* Products */;
			projectDirPath = "";
			projectRoot = "";
			targets = (
				660657E11DF81EC300A1726A /* Ideation360 */,
			);
		};
/* End PBXProject section */

/* Begin PBXResourcesBuildPhase section */
		660657E01DF81EC300A1726A /* Resources */ = {
			isa = PBXResourcesBuildPhase;
			buildActionMask = 2147483647;
			files = (
				66380A531E1F78A100B80595 /* drpdwn_white_iPad.png in Resources */,
				667D101B1DFFE1CB007DD312 /* Default-568h@2x.png in Resources */,
				66380A561E1F78A100B80595 /* email_txtfld_icon_iPad.png in Resources */,
				66380A601E1F78A100B80595 /* Srch icn_iPad.png in Resources */,
				66380A5D1E1F78A100B80595 /* prfl icn_iPad.png in Resources */,
				666BB5E21DF8326900A30304 /* logo@2x.png in Resources */,
				66239AA81E1297A1007761F2 /* _logo@2x.png in Resources */,
				66380A5F1E1F78A100B80595 /* setting icn_iPad.png in Resources */,
				66380A4A1E1F78A100B80595 /* bubble_text_dummy_iPad.png in Resources */,
				667D10131DFFD1DB007DD312 /* default_down.png in Resources */,
				663A8F3F1E13D32400DFFB7B /* edirt icn@2x.png in Resources */,
				662578E11E264B4A00684607 /* Icon-App-60x60@3x.png in Resources */,
				66380A471E1F78A100B80595 /* Add icn_iPad.png in Resources */,
				66380A4C1E1F78A100B80595 /* cancel_register_iPad.png in Resources */,
				662578DD1E264B4A00684607 /* Icon-App-57x57@1x.png in Resources */,
				66380A511E1F78A100B80595 /* dark-bg_iPad.png in Resources */,
				66239A8B1E1241F5007761F2 /* checkbox_blank@2x.png in Resources */,
				66380A5A1E1F78A100B80595 /* mike icn_iPad.png in Resources */,
				662578B91E263B5D00684607 /* setting icn@2x.png in Resources */,
				662578E41E264B4A00684607 /* Icon-App-76x76@1x.png in Resources */,
				662578D81E264B4A00684607 /* Icon-App-29x29@2x.png in Resources */,
				662578B71E263B5D00684607 /* home@2x.png in Resources */,
				662578B11E2637E600684607 /* bubble_text_dummy@2x.png in Resources */,
				662578EB1E264C0400684607 /* img2@2x.png in Resources */,
				662578BC1E263D4900684607 /* cmmnt icn@2x.png in Resources */,
				66380A551E1F78A100B80595 /* edirt icn_iPad.png in Resources */,
				663A8F431E13F5DD00DFFB7B /* pass_txtfld_icon@2x.png in Resources */,
				667D101C1DFFE1CB007DD312 /* Default@2x.png in Resources */,
				662578BD1E263D4900684607 /* prsn icn@2x.png in Resources */,
				66380A4F1E1F78A100B80595 /* company_txtfld_icon_iPad.png in Resources */,
				66380A541E1F78A100B80595 /* dwn_arrw_iPad.png in Resources */,
				662578E81E264B4A00684607 /* Icon-Small-50x50@1x.png in Resources */,
				667D101E1DFFE5FA007DD312 /* drpdwn_white@2x.png in Resources */,
				66239A9E1E127536007761F2 /* attachment icn@2x.png in Resources */,
				662578E61E264B4A00684607 /* Icon-App-76x76@3x.png in Resources */,
				662578E91E264B4A00684607 /* Icon-Small-50x50@2x.png in Resources */,
				66380A461E1F78A100B80595 /* _logo_iPad.png in Resources */,
				6678B61A1E02ACBE0083CA58 /* cross@2x.png in Resources */,
				66239A8A1E1241F5007761F2 /* cancel_register@2x.png in Resources */,
				66380A4E1E1F78A100B80595 /* checkbox_fill_iPad.png in Resources */,
				662578D61E264B4A00684607 /* Icon-App-20x20@3x.png in Resources */,
				66CA48981E2FA314005D646F /* Below_arrow@2x.png in Resources */,
				662578DB1E264B4A00684607 /* Icon-App-40x40@2x.png in Resources */,
				662578DA1E264B4A00684607 /* Icon-App-40x40@1x.png in Resources */,
				667456CD1E2E3A9200C83E8C /* play-button@2x.png in Resources */,
				66380A5E1E1F78A100B80595 /* send_iPad.png in Resources */,
				66380A501E1F78A100B80595 /* cross_iPad.png in Resources */,
				662578D71E264B4A00684607 /* Icon-App-29x29@1x.png in Resources */,
				66AC317E1E1D121600403689 /* send@2x.png in Resources */,
				66239A9F1E127536007761F2 /* camera icn@2x.png in Resources */,
				663A8F3D1E1396F400DFFB7B /* dwn_arrw@2x.png in Resources */,
				66239A961E1250C6007761F2 /* prfl icn@2x.png in Resources */,
				66380A4B1E1F78A100B80595 /* camera icn_iPad.png in Resources */,
				66380A611E1F78A100B80595 /* user_txtfld_icon_iPad.png in Resources */,
				6662C6F31E1B71C6007797FE /* placeholder_image@2x.png in Resources */,
				66380A491E1F78A100B80595 /* Back_arrow_iPad.png in Resources */,
				66239A941E1250C6007761F2 /* Add icn@2x.png in Resources */,
				66380A291E1F72A500B80595 /* Main_iPad.storyboard in Resources */,
				662578D41E264B4A00684607 /* Icon-App-20x20@1x.png in Resources */,
				662578D51E264B4A00684607 /* Icon-App-20x20@2x.png in Resources */,
				667D101A1DFFE1CB007DD312 /* Default_iPad.png in Resources */,
				66380A4D1E1F78A100B80595 /* checkbox_blank_iPad.png in Resources */,
				66380A571E1F78A100B80595 /* home_iPad.png in Resources */,
				662578DE1E264B4A00684607 /* Icon-App-57x57@2x.png in Resources */,
				662578D91E264B4A00684607 /* Icon-App-29x29@3x.png in Resources */,
				66239AA01E127536007761F2 /* mike icn@2x.png in Resources */,
				666BB5DE1DF8321400A30304 /* company_txtfld_icon@2x.png in Resources */,
				666BB5D81DF8320500A30304 /* user_txtfld_icon@2x.png in Resources */,
				662578E71E264B4A00684607 /* Icon-App-83.5x83.5@2x.png in Resources */,
				667D10091DFFCB7B007DD312 /* dropdwn@2x.png in Resources */,
				662578DC1E264B4A00684607 /* Icon-App-40x40@3x.png in Resources */,
				662578DF1E264B4A00684607 /* Icon-App-60x60@1x.png in Resources */,
				667456CC1E2E3A9200C83E8C /* crcl@2x.png in Resources */,
				66380A5C1E1F78A100B80595 /* placeholder_image_iPad.png in Resources */,
				66380A5B1E1F78A100B80595 /* pass_txtfld_icon_iPad.png in Resources */,
				660657F31DF81EC500A1726A /* LaunchScreen.storyboard in Resources */,
				662578E31E264B4A00684607 /* Icon-App-72x72@2x.png in Resources */,
				66380A481E1F78A100B80595 /* attachment icn_iPad.png in Resources */,
				66239A8E1E124A0B007761F2 /* Back_arrow@2x.png in Resources */,
				663A8F421E13F5DD00DFFB7B /* email_txtfld_icon@2x.png in Resources */,
				6678B6181E02A6130083CA58 /* dark-bg@2x.png in Resources */,
				66239A981E1250C6007761F2 /* Srch icn@2x.png in Resources */,
				662578E21E264B4A00684607 /* Icon-App-72x72@1x.png in Resources */,
				660657F01DF81EC500A1726A /* Assets.xcassets in Resources */,
				66380A521E1F78A100B80595 /* dropdwn_iPad.png in Resources */,
				66239A8C1E1241F5007761F2 /* checkbox_fill@2x.png in Resources */,
				66380A581E1F78A100B80595 /* Img_iPad.png in Resources */,
				662578E51E264B4A00684607 /* Icon-App-76x76@2x.png in Resources */,
				66380A591E1F78A100B80595 /* logo_iPad.png in Resources */,
				662578E01E264B4A00684607 /* Icon-App-60x60@2x.png in Resources */,
				667456C91E2E3A6D00C83E8C /* cross_wht@2x.png in Resources */,
				660657EB1DF81EC500A1726A /* Main.storyboard in Resources */,
			);
			runOnlyForDeploymentPostprocessing = 0;
		};
/* End PBXResourcesBuildPhase section */

/* Begin PBXShellScriptBuildPhase section */
		16D9689A8937C08A7ED02638 /* [CP] Copy Pods Resources */ = {
			isa = PBXShellScriptBuildPhase;
			buildActionMask = 2147483647;
			files = (
			);
			inputPaths = (
			);
			name = "[CP] Copy Pods Resources";
			outputPaths = (
			);
			runOnlyForDeploymentPostprocessing = 0;
			shellPath = /bin/sh;
			shellScript = "\"${SRCROOT}/Pods/Target Support Files/Pods-Ideation360/Pods-Ideation360-resources.sh\"\n";
			showEnvVarsInLog = 0;
		};
		4FCE5D13025A833036C9787C /* [CP] Check Pods Manifest.lock */ = {
			isa = PBXShellScriptBuildPhase;
			buildActionMask = 2147483647;
			files = (
			);
			inputPaths = (
			);
			name = "[CP] Check Pods Manifest.lock";
			outputPaths = (
			);
			runOnlyForDeploymentPostprocessing = 0;
			shellPath = /bin/sh;
			shellScript = "diff \"${PODS_ROOT}/../Podfile.lock\" \"${PODS_ROOT}/Manifest.lock\" > /dev/null\nif [ $? != 0 ] ; then\n    # print error to STDERR\n    echo \"error: The sandbox is not in sync with the Podfile.lock. Run 'pod install' or update your CocoaPods installation.\" >&2\n    exit 1\nfi\n";
			showEnvVarsInLog = 0;
		};
		A0E14EE1F33D74B286174A3C /* [CP] Embed Pods Frameworks */ = {
			isa = PBXShellScriptBuildPhase;
			buildActionMask = 2147483647;
			files = (
			);
			inputPaths = (
			);
			name = "[CP] Embed Pods Frameworks";
			outputPaths = (
			);
			runOnlyForDeploymentPostprocessing = 0;
			shellPath = /bin/sh;
			shellScript = "\"${SRCROOT}/Pods/Target Support Files/Pods-Ideation360/Pods-Ideation360-frameworks.sh\"\n";
			showEnvVarsInLog = 0;
		};
/* End PBXShellScriptBuildPhase section */

/* Begin PBXSourcesBuildPhase section */
		660657DE1DF81EC300A1726A /* Sources */ = {
			isa = PBXSourcesBuildPhase;
			buildActionMask = 2147483647;
			files = (
				66E7AF921E0917D90013C53A /* CommentCell.swift in Sources */,
				666A4F411E016EE000C0E672 /* PTPPlaceholderTextView.swift in Sources */,
				660657EE1DF81EC500A1726A /* Ideation360.xcdatamodeld in Sources */,
				667D10141DFFD1DB007DD312 /* ZHDropDownMenu.swift in Sources */,
				660657E81DF81EC500A1726A /* LoginVC.swift in Sources */,
				66E30F0B1E07CB5D00D89917 /* ClientsCell.swift in Sources */,
				667456C11E2E04CB00C83E8C /* CommentsVC.swift in Sources */,
				66239AAE1E12A580007761F2 /* MyProfileVC.swift in Sources */,
				667456BF1E2E04A400C83E8C /* RatingVC.swift in Sources */,
				666A4F201E01133500C0E672 /* IdeaDetailsVC.swift in Sources */,
				6620A7911E1CD8800010095A /* IdeatorCell.swift in Sources */,
				6678B61D1E02B07C0083CA58 /* MenuCell.swift in Sources */,
				666BB5CD1DF8304400A30304 /* BorderObjects.swift in Sources */,
				667456D11E2E3C0B00C83E8C /* ImagePopupVC.swift in Sources */,
				66239AA21E12917C007761F2 /* ForgotVC.swift in Sources */,
				66CA489A1E2FA470005D646F /* WelcomeVC.swift in Sources */,
				66239AAC1E12A409007761F2 /* SearchVC.swift in Sources */,
				666A4F1A1E0112DB00C0E672 /* AccountVC.swift in Sources */,
				66239AA41E12932D007761F2 /* SettingsVC.swift in Sources */,
				66E30F0D1E07FCFA00D89917 /* CampaignsCell.swift in Sources */,
				66E30F111E0814DD00D89917 /* IdeasCell.swift in Sources */,
				666A4F181E01122400C0E672 /* RegisterVC.swift in Sources */,
				660657E61DF81EC500A1726A /* AppDelegate.swift in Sources */,
				66E774671E3726440019128C /* YMCAudioPlayer.m in Sources */,
				666A4F1E1E01131700C0E672 /* MyIdeasVC.swift in Sources */,
				666A4F241E0113CD00C0E672 /* CampaignsVC.swift in Sources */,
				66239AA61E12969E007761F2 /* ClientsVC.swift in Sources */,
				667456C51E2E09D100C83E8C /* RatingCell.swift in Sources */,
				667456C31E2E09BB00C83E8C /* NotificationCell.swift in Sources */,
				666A4F2C1E01143600C0E672 /* AboutVC.swift in Sources */,
				666A4F321E01318100C0E672 /* AppContentFile.swift in Sources */,
				667456C71E2E09FA00C83E8C /* CommentVCCell.swift in Sources */,
				667D10161DFFD5A4007DD312 /* CreateIdeaVC.swift in Sources */,
				666A4F221E0113B100C0E672 /* SavedIdeaVC.swift in Sources */,
				667456BD1E2E005D00C83E8C /* NotificationsVC.swift in Sources */,
				667456CF1E2E3BBF00C83E8C /* PlayVC.swift in Sources */,
				666A4F261E0113DF00C0E672 /* CampaignTitleVC.swift in Sources */,
				66239AAA1E12A0F3007761F2 /* InviteFriendsVC.swift in Sources */,
			);
			runOnlyForDeploymentPostprocessing = 0;
		};
/* End PBXSourcesBuildPhase section */

/* Begin PBXVariantGroup section */
		660657E91DF81EC500A1726A /* Main.storyboard */ = {
			isa = PBXVariantGroup;
			children = (
				660657EA1DF81EC500A1726A /* Base */,
			);
			name = Main.storyboard;
			sourceTree = "<group>";
		};
		660657F11DF81EC500A1726A /* LaunchScreen.storyboard */ = {
			isa = PBXVariantGroup;
			children = (
				660657F21DF81EC500A1726A /* Base */,
			);
			name = LaunchScreen.storyboard;
			sourceTree = "<group>";
		};
/* End PBXVariantGroup section */

/* Begin XCBuildConfiguration section */
		660657F51DF81EC500A1726A /* Debug */ = {
			isa = XCBuildConfiguration;
			buildSettings = {
				ALWAYS_SEARCH_USER_PATHS = NO;
				CLANG_ANALYZER_NONNULL = YES;
				CLANG_CXX_LANGUAGE_STANDARD = "gnu++0x";
				CLANG_CXX_LIBRARY = "libc++";
				CLANG_ENABLE_MODULES = YES;
				CLANG_ENABLE_OBJC_ARC = YES;
				CLANG_WARN_BOOL_CONVERSION = YES;
				CLANG_WARN_CONSTANT_CONVERSION = YES;
				CLANG_WARN_DIRECT_OBJC_ISA_USAGE = YES_ERROR;
				CLANG_WARN_DOCUMENTATION_COMMENTS = YES;
				CLANG_WARN_EMPTY_BODY = YES;
				CLANG_WARN_ENUM_CONVERSION = YES;
				CLANG_WARN_INFINITE_RECURSION = YES;
				CLANG_WARN_INT_CONVERSION = YES;
				CLANG_WARN_OBJC_ROOT_CLASS = YES_ERROR;
				CLANG_WARN_SUSPICIOUS_MOVE = YES;
				CLANG_WARN_SUSPICIOUS_MOVES = YES;
				CLANG_WARN_UNREACHABLE_CODE = YES;
				CLANG_WARN__DUPLICATE_METHOD_MATCH = YES;
				"CODE_SIGN_IDENTITY[sdk=iphoneos*]" = "iPhone Developer";
				COPY_PHASE_STRIP = NO;
				DEBUG_INFORMATION_FORMAT = dwarf;
				ENABLE_STRICT_OBJC_MSGSEND = YES;
				ENABLE_TESTABILITY = YES;
				GCC_C_LANGUAGE_STANDARD = gnu99;
				GCC_DYNAMIC_NO_PIC = NO;
				GCC_NO_COMMON_BLOCKS = YES;
				GCC_OPTIMIZATION_LEVEL = 0;
				GCC_PREPROCESSOR_DEFINITIONS = (
					"DEBUG=1",
					"$(inherited)",
				);
				GCC_WARN_64_TO_32_BIT_CONVERSION = YES;
				GCC_WARN_ABOUT_RETURN_TYPE = YES_ERROR;
				GCC_WARN_UNDECLARED_SELECTOR = YES;
				GCC_WARN_UNINITIALIZED_AUTOS = YES_AGGRESSIVE;
				GCC_WARN_UNUSED_FUNCTION = YES;
				GCC_WARN_UNUSED_VARIABLE = YES;
				IPHONEOS_DEPLOYMENT_TARGET = 10.0;
				MTL_ENABLE_DEBUG_INFO = YES;
				ONLY_ACTIVE_ARCH = YES;
				SDKROOT = iphoneos;
				SWIFT_ACTIVE_COMPILATION_CONDITIONS = DEBUG;
				SWIFT_OPTIMIZATION_LEVEL = "-Onone";
				TARGETED_DEVICE_FAMILY = "1,2";
			};
			name = Debug;
		};
		660657F61DF81EC500A1726A /* Release */ = {
			isa = XCBuildConfiguration;
			buildSettings = {
				ALWAYS_SEARCH_USER_PATHS = NO;
				CLANG_ANALYZER_NONNULL = YES;
				CLANG_CXX_LANGUAGE_STANDARD = "gnu++0x";
				CLANG_CXX_LIBRARY = "libc++";
				CLANG_ENABLE_MODULES = YES;
				CLANG_ENABLE_OBJC_ARC = YES;
				CLANG_WARN_BOOL_CONVERSION = YES;
				CLANG_WARN_CONSTANT_CONVERSION = YES;
				CLANG_WARN_DIRECT_OBJC_ISA_USAGE = YES_ERROR;
				CLANG_WARN_DOCUMENTATION_COMMENTS = YES;
				CLANG_WARN_EMPTY_BODY = YES;
				CLANG_WARN_ENUM_CONVERSION = YES;
				CLANG_WARN_INFINITE_RECURSION = YES;
				CLANG_WARN_INT_CONVERSION = YES;
				CLANG_WARN_OBJC_ROOT_CLASS = YES_ERROR;
				CLANG_WARN_SUSPICIOUS_MOVE = YES;
				CLANG_WARN_SUSPICIOUS_MOVES = YES;
				CLANG_WARN_UNREACHABLE_CODE = YES;
				CLANG_WARN__DUPLICATE_METHOD_MATCH = YES;
				"CODE_SIGN_IDENTITY[sdk=iphoneos*]" = "iPhone Developer";
				COPY_PHASE_STRIP = NO;
				DEBUG_INFORMATION_FORMAT = "dwarf-with-dsym";
				ENABLE_NS_ASSERTIONS = NO;
				ENABLE_STRICT_OBJC_MSGSEND = YES;
				GCC_C_LANGUAGE_STANDARD = gnu99;
				GCC_NO_COMMON_BLOCKS = YES;
				GCC_WARN_64_TO_32_BIT_CONVERSION = YES;
				GCC_WARN_ABOUT_RETURN_TYPE = YES_ERROR;
				GCC_WARN_UNDECLARED_SELECTOR = YES;
				GCC_WARN_UNINITIALIZED_AUTOS = YES_AGGRESSIVE;
				GCC_WARN_UNUSED_FUNCTION = YES;
				GCC_WARN_UNUSED_VARIABLE = YES;
				IPHONEOS_DEPLOYMENT_TARGET = 10.0;
				MTL_ENABLE_DEBUG_INFO = NO;
				SDKROOT = iphoneos;
				SWIFT_OPTIMIZATION_LEVEL = "-Owholemodule";
				TARGETED_DEVICE_FAMILY = "1,2";
				VALIDATE_PRODUCT = YES;
			};
			name = Release;
		};
		660657F81DF81EC500A1726A /* Debug */ = {
			isa = XCBuildConfiguration;
			baseConfigurationReference = 163D7F281620B3AA2B9CA756 /* Pods-Ideation360.debug.xcconfig */;
			buildSettings = {
				ALWAYS_EMBED_SWIFT_STANDARD_LIBRARIES = YES;
				ASSETCATALOG_COMPILER_APPICON_NAME = AppIcon;
				ASSETCATALOG_COMPILER_LAUNCHIMAGE_NAME = LaunchImage;
				"CODE_SIGN_IDENTITY[sdk=iphoneos*]" = "iPhone Developer";
				DEVELOPMENT_TEAM = T4LQ97BKVF;
				ENABLE_BITCODE = NO;
				INFOPLIST_FILE = Ideation360/Info.plist;
				IPHONEOS_DEPLOYMENT_TARGET = 8.0;
				LD_RUNPATH_SEARCH_PATHS = "$(inherited) @executable_path/Frameworks $(CONFIGURATION_BUILD_DIR)";
				PRODUCT_BUNDLE_IDENTIFIER = com.360demo.com;
				PRODUCT_NAME = "$(TARGET_NAME)";
				PROVISIONING_PROFILE = "b1201129-4eab-4e18-907b-2aa51dd45a41";
				PROVISIONING_PROFILE_SPECIFIER = Demo_dev;
				SWIFT_OBJC_BRIDGING_HEADER = "/Gurpreet/Currently Working Project/Ideation360/Ideation360/Header.h";
				SWIFT_VERSION = 3.0;
			};
			name = Debug;
		};
		660657F91DF81EC500A1726A /* Release */ = {
			isa = XCBuildConfiguration;
			baseConfigurationReference = 5781AE47B283CCFB4785F733 /* Pods-Ideation360.release.xcconfig */;
			buildSettings = {
				ALWAYS_EMBED_SWIFT_STANDARD_LIBRARIES = YES;
				ASSETCATALOG_COMPILER_APPICON_NAME = AppIcon;
				ASSETCATALOG_COMPILER_LAUNCHIMAGE_NAME = LaunchImage;
				"CODE_SIGN_IDENTITY[sdk=iphoneos*]" = "iPhone Developer";
				DEVELOPMENT_TEAM = T4LQ97BKVF;
				ENABLE_BITCODE = NO;
				INFOPLIST_FILE = Ideation360/Info.plist;
				IPHONEOS_DEPLOYMENT_TARGET = 8.0;
				LD_RUNPATH_SEARCH_PATHS = "$(inherited) @executable_path/Frameworks $(CONFIGURATION_BUILD_DIR)";
				PRODUCT_BUNDLE_IDENTIFIER = com.360demo.com;
				PRODUCT_NAME = "$(TARGET_NAME)";
				PROVISIONING_PROFILE = "b1201129-4eab-4e18-907b-2aa51dd45a41";
				PROVISIONING_PROFILE_SPECIFIER = Demo_dev;
				SWIFT_OBJC_BRIDGING_HEADER = "/Gurpreet/Currently Working Project/Ideation360/Ideation360/Header.h";
				SWIFT_VERSION = 3.0;
			};
			name = Release;
		};
/* End XCBuildConfiguration section */

/* Begin XCConfigurationList section */
		660657DD1DF81EC300A1726A /* Build configuration list for PBXProject "Ideation360" */ = {
			isa = XCConfigurationList;
			buildConfigurations = (
				660657F51DF81EC500A1726A /* Debug */,
				660657F61DF81EC500A1726A /* Release */,
			);
			defaultConfigurationIsVisible = 0;
			defaultConfigurationName = Release;
		};
		660657F71DF81EC500A1726A /* Build configuration list for PBXNativeTarget "Ideation360" */ = {
			isa = XCConfigurationList;
			buildConfigurations = (
				660657F81DF81EC500A1726A /* Debug */,
				660657F91DF81EC500A1726A /* Release */,
			);
			defaultConfigurationIsVisible = 0;
			defaultConfigurationName = Release;
		};
/* End XCConfigurationList section */

/* Begin XCVersionGroup section */
		660657EC1DF81EC500A1726A /* Ideation360.xcdatamodeld */ = {
			isa = XCVersionGroup;
			children = (
				660657ED1DF81EC500A1726A /* Ideation360.xcdatamodel */,
			);
			currentVersion = 660657ED1DF81EC500A1726A /* Ideation360.xcdatamodel */;
			path = Ideation360.xcdatamodeld;
			sourceTree = "<group>";
			versionGroupType = wrapper.xcdatamodel;
		};
/* End XCVersionGroup section */
	};
	rootObject = 660657DA1DF81EC300A1726A /* Project object */;
}
